
Microsoft Visual Studio Solution File, Format Version 12.00
# Visual Studio Version 17
VisualStudioVersion = 17.0.32112.339
MinimumVisualStudioVersion = 10.0.40219.1
Project("{FAE04EC0-301F-11D3-BF4B-00C04F79EFBC}") = "InfinityTeleport", "InfinityTeleport\InfinityTeleport.csproj", "{7BEDAAEA-2572-4971-942D-3BEF92BBF091}"
EndProject
Global
	GlobalSection(SolutionConfigurationPlatforms) = preSolution
		Debug|Any CPU = Debug|Any CPU
		Release|Any CPU = Release|Any CPU
	EndGlobalSection
	GlobalSection(ProjectConfigurationPlatforms) = postSolution
		{7BEDAAEA-2572-4971-942D-3BEF92BBF091}.Debug|Any CPU.ActiveCfg = Debug|Any CPU
		{7BEDAAEA-2572-4971-942D-3BEF92BBF091}.Debug|Any CPU.Build.0 = Debug|Any CPU
		{7BEDAAEA-2572-4971-942D-3BEF92BBF091}.Release|Any CPU.ActiveCfg = Release|Any CPU
		{7BEDAAEA-2572-4971-942D-3BEF92BBF091}.Release|Any CPU.Build.0 = Release|Any CPU
	EndGlobalSection
	GlobalSection(SolutionProperties) = preSolution
		HideSolutionNode = FALSE
	EndGlobalSection
	GlobalSection(ExtensibilityGlobals) = postSolution
		SolutionGuid = {301A217E-1EC6-4ACB-B7FF-0242E1B87F8F}
	EndGlobalSection
EndGlobal
